
Microsoft Visual Studio Solution File, Format Version 12.00
# Visual Studio Version 16
VisualStudioVersion = 16.0.32002.261
MinimumVisualStudioVersion = 10.0.40219.1
Project("{FAE04EC0-301F-11D3-BF4B-00C04F79EFBC}") = "Metotlar", "Metotlar\Metotlar.csproj", "{C820793B-D1AF-4FDF-92A4-62A182F80ADC}"
EndProject
Global
	GlobalSection(SolutionConfigurationPlatforms) = preSolution
		Debug|Any CPU = Debug|Any CPU
		Release|Any CPU = Release|Any CPU
	EndGlobalSection
	GlobalSection(ProjectConfigurationPlatforms) = postSolution
		{C820793B-D1AF-4FDF-92A4-62A182F80ADC}.Debug|Any CPU.ActiveCfg = Debug|Any CPU
		{C820793B-D1AF-4FDF-92A4-62A182F80ADC}.Debug|Any CPU.Build.0 = Debug|Any CPU
		{C820793B-D1AF-4FDF-92A4-62A182F80ADC}.Release|Any CPU.ActiveCfg = Release|Any CPU
		{C820793B-D1AF-4FDF-92A4-62A182F80ADC}.Release|Any CPU.Build.0 = Release|Any CPU
	EndGlobalSection
	GlobalSection(SolutionProperties) = preSolution
		HideSolutionNode = FALSE
	EndGlobalSection
	GlobalSection(ExtensibilityGlobals) = postSolution
		SolutionGuid = {04EA1B0E-84EF-4124-90FF-D8EEAFA7F730}
	EndGlobalSection
EndGlobal
