
Microsoft Visual Studio Solution File, Format Version 12.00
# Visual Studio Version 16
VisualStudioVersion = 16.0.32002.261
MinimumVisualStudioVersion = 10.0.40219.1
Project("{FAE04EC0-301F-11D3-BF4B-00C04F79EFBC}") = "DialogPencereleri", "DialogPencereleri\DialogPencereleri.csproj", "{5AC9829D-F43C-4A1F-9735-CA9BD13E186C}"
EndProject
Global
	GlobalSection(SolutionConfigurationPlatforms) = preSolution
		Debug|Any CPU = Debug|Any CPU
		Release|Any CPU = Release|Any CPU
	EndGlobalSection
	GlobalSection(ProjectConfigurationPlatforms) = postSolution
		{5AC9829D-F43C-4A1F-9735-CA9BD13E186C}.Debug|Any CPU.ActiveCfg = Debug|Any CPU
		{5AC9829D-F43C-4A1F-9735-CA9BD13E186C}.Debug|Any CPU.Build.0 = Debug|Any CPU
		{5AC9829D-F43C-4A1F-9735-CA9BD13E186C}.Release|Any CPU.ActiveCfg = Release|Any CPU
		{5AC9829D-F43C-4A1F-9735-CA9BD13E186C}.Release|Any CPU.Build.0 = Release|Any CPU
	EndGlobalSection
	GlobalSection(SolutionProperties) = preSolution
		HideSolutionNode = FALSE
	EndGlobalSection
	GlobalSection(ExtensibilityGlobals) = postSolution
		SolutionGuid = {F149FD07-DB80-41FA-BC8E-9DB85CDA44F7}
	EndGlobalSection
EndGlobal
