
Microsoft Visual Studio Solution File, Format Version 12.00
# Visual Studio Version 16
VisualStudioVersion = 16.0.32002.261
MinimumVisualStudioVersion = 10.0.40219.1
Project("{FAE04EC0-301F-11D3-BF4B-00C04F79EFBC}") = "ListView", "ListView\ListView.csproj", "{386741AB-790A-433A-BCEE-74E4503C0A5C}"
EndProject
Global
	GlobalSection(SolutionConfigurationPlatforms) = preSolution
		Debug|Any CPU = Debug|Any CPU
		Release|Any CPU = Release|Any CPU
	EndGlobalSection
	GlobalSection(ProjectConfigurationPlatforms) = postSolution
		{386741AB-790A-433A-BCEE-74E4503C0A5C}.Debug|Any CPU.ActiveCfg = Debug|Any CPU
		{386741AB-790A-433A-BCEE-74E4503C0A5C}.Debug|Any CPU.Build.0 = Debug|Any CPU
		{386741AB-790A-433A-BCEE-74E4503C0A5C}.Release|Any CPU.ActiveCfg = Release|Any CPU
		{386741AB-790A-433A-BCEE-74E4503C0A5C}.Release|Any CPU.Build.0 = Release|Any CPU
	EndGlobalSection
	GlobalSection(SolutionProperties) = preSolution
		HideSolutionNode = FALSE
	EndGlobalSection
	GlobalSection(ExtensibilityGlobals) = postSolution
		SolutionGuid = {FD5EDD03-83D3-45BE-90BD-271C0C186D5B}
	EndGlobalSection
EndGlobal
