
Microsoft Visual Studio Solution File, Format Version 12.00
# Visual Studio Version 16
VisualStudioVersion = 16.0.32002.261
MinimumVisualStudioVersion = 10.0.40219.1
Project("{FAE04EC0-301F-11D3-BF4B-00C04F79EFBC}") = "ListeKaristirma", "ListeKaristirma\ListeKaristirma.csproj", "{8611D166-723D-453C-82DC-29F372D2EC0E}"
EndProject
Global
	GlobalSection(SolutionConfigurationPlatforms) = preSolution
		Debug|Any CPU = Debug|Any CPU
		Release|Any CPU = Release|Any CPU
	EndGlobalSection
	GlobalSection(ProjectConfigurationPlatforms) = postSolution
		{8611D166-723D-453C-82DC-29F372D2EC0E}.Debug|Any CPU.ActiveCfg = Debug|Any CPU
		{8611D166-723D-453C-82DC-29F372D2EC0E}.Debug|Any CPU.Build.0 = Debug|Any CPU
		{8611D166-723D-453C-82DC-29F372D2EC0E}.Release|Any CPU.ActiveCfg = Release|Any CPU
		{8611D166-723D-453C-82DC-29F372D2EC0E}.Release|Any CPU.Build.0 = Release|Any CPU
	EndGlobalSection
	GlobalSection(SolutionProperties) = preSolution
		HideSolutionNode = FALSE
	EndGlobalSection
	GlobalSection(ExtensibilityGlobals) = postSolution
		SolutionGuid = {6F77717A-9F22-4D07-A1FB-BAB2A91483DD}
	EndGlobalSection
EndGlobal
