
Microsoft Visual Studio Solution File, Format Version 12.00
# Visual Studio Version 16
VisualStudioVersion = 16.0.32002.261
MinimumVisualStudioVersion = 10.0.40219.1
Project("{FAE04EC0-301F-11D3-BF4B-00C04F79EFBC}") = "HataTurleri", "HataTurleri\HataTurleri.csproj", "{AF8DF06D-FF32-4400-9AD7-A13A036D2B8B}"
EndProject
Global
	GlobalSection(SolutionConfigurationPlatforms) = preSolution
		Debug|Any CPU = Debug|Any CPU
		Release|Any CPU = Release|Any CPU
	EndGlobalSection
	GlobalSection(ProjectConfigurationPlatforms) = postSolution
		{AF8DF06D-FF32-4400-9AD7-A13A036D2B8B}.Debug|Any CPU.ActiveCfg = Debug|Any CPU
		{AF8DF06D-FF32-4400-9AD7-A13A036D2B8B}.Debug|Any CPU.Build.0 = Debug|Any CPU
		{AF8DF06D-FF32-4400-9AD7-A13A036D2B8B}.Release|Any CPU.ActiveCfg = Release|Any CPU
		{AF8DF06D-FF32-4400-9AD7-A13A036D2B8B}.Release|Any CPU.Build.0 = Release|Any CPU
	EndGlobalSection
	GlobalSection(SolutionProperties) = preSolution
		HideSolutionNode = FALSE
	EndGlobalSection
	GlobalSection(ExtensibilityGlobals) = postSolution
		SolutionGuid = {44A62A5B-E2E2-4C22-915C-83599A9B2B57}
	EndGlobalSection
EndGlobal
