
Microsoft Visual Studio Solution File, Format Version 12.00
# Visual Studio Version 16
VisualStudioVersion = 16.0.32002.261
MinimumVisualStudioVersion = 10.0.40219.1
Project("{FAE04EC0-301F-11D3-BF4B-00C04F79EFBC}") = "SwicthCase", "SwicthCase\SwicthCase.csproj", "{753F93D0-F361-4230-98A0-65886645C39E}"
EndProject
Global
	GlobalSection(SolutionConfigurationPlatforms) = preSolution
		Debug|Any CPU = Debug|Any CPU
		Release|Any CPU = Release|Any CPU
	EndGlobalSection
	GlobalSection(ProjectConfigurationPlatforms) = postSolution
		{753F93D0-F361-4230-98A0-65886645C39E}.Debug|Any CPU.ActiveCfg = Debug|Any CPU
		{753F93D0-F361-4230-98A0-65886645C39E}.Debug|Any CPU.Build.0 = Debug|Any CPU
		{753F93D0-F361-4230-98A0-65886645C39E}.Release|Any CPU.ActiveCfg = Release|Any CPU
		{753F93D0-F361-4230-98A0-65886645C39E}.Release|Any CPU.Build.0 = Release|Any CPU
	EndGlobalSection
	GlobalSection(SolutionProperties) = preSolution
		HideSolutionNode = FALSE
	EndGlobalSection
	GlobalSection(ExtensibilityGlobals) = postSolution
		SolutionGuid = {A04CF772-E843-4DC1-AD44-ADB768CAF42E}
	EndGlobalSection
EndGlobal
