
Microsoft Visual Studio Solution File, Format Version 12.00
# Visual Studio Version 16
VisualStudioVersion = 16.0.32002.261
MinimumVisualStudioVersion = 10.0.40219.1
Project("{FAE04EC0-301F-11D3-BF4B-00C04F79EFBC}") = "BackgroundWorker", "BackgroundWorker\BackgroundWorker.csproj", "{C70511ED-E9AC-4C37-AD65-AACA9D2BFEC2}"
EndProject
Global
	GlobalSection(SolutionConfigurationPlatforms) = preSolution
		Debug|Any CPU = Debug|Any CPU
		Release|Any CPU = Release|Any CPU
	EndGlobalSection
	GlobalSection(ProjectConfigurationPlatforms) = postSolution
		{C70511ED-E9AC-4C37-AD65-AACA9D2BFEC2}.Debug|Any CPU.ActiveCfg = Debug|Any CPU
		{C70511ED-E9AC-4C37-AD65-AACA9D2BFEC2}.Debug|Any CPU.Build.0 = Debug|Any CPU
		{C70511ED-E9AC-4C37-AD65-AACA9D2BFEC2}.Release|Any CPU.ActiveCfg = Release|Any CPU
		{C70511ED-E9AC-4C37-AD65-AACA9D2BFEC2}.Release|Any CPU.Build.0 = Release|Any CPU
	EndGlobalSection
	GlobalSection(SolutionProperties) = preSolution
		HideSolutionNode = FALSE
	EndGlobalSection
	GlobalSection(ExtensibilityGlobals) = postSolution
		SolutionGuid = {B9AF91EC-4AD0-408E-8F88-9981F84234A9}
	EndGlobalSection
EndGlobal
