
Microsoft Visual Studio Solution File, Format Version 12.00
# Visual Studio Version 16
VisualStudioVersion = 16.0.32002.261
MinimumVisualStudioVersion = 10.0.40219.1
Project("{FAE04EC0-301F-11D3-BF4B-00C04F79EFBC}") = "Introduction", "Introduction\Introduction.csproj", "{FE7F951A-EBAD-473B-814A-296086B3820B}"
EndProject
Global
	GlobalSection(SolutionConfigurationPlatforms) = preSolution
		Debug|Any CPU = Debug|Any CPU
		Release|Any CPU = Release|Any CPU
	EndGlobalSection
	GlobalSection(ProjectConfigurationPlatforms) = postSolution
		{FE7F951A-EBAD-473B-814A-296086B3820B}.Debug|Any CPU.ActiveCfg = Debug|Any CPU
		{FE7F951A-EBAD-473B-814A-296086B3820B}.Debug|Any CPU.Build.0 = Debug|Any CPU
		{FE7F951A-EBAD-473B-814A-296086B3820B}.Release|Any CPU.ActiveCfg = Release|Any CPU
		{FE7F951A-EBAD-473B-814A-296086B3820B}.Release|Any CPU.Build.0 = Release|Any CPU
	EndGlobalSection
	GlobalSection(SolutionProperties) = preSolution
		HideSolutionNode = FALSE
	EndGlobalSection
	GlobalSection(ExtensibilityGlobals) = postSolution
		SolutionGuid = {282C7180-A43D-49C7-8947-C9A7B9D3CD8A}
	EndGlobalSection
EndGlobal
