
Microsoft Visual Studio Solution File, Format Version 12.00
# Visual Studio Version 16
VisualStudioVersion = 16.0.32002.261
MinimumVisualStudioVersion = 10.0.40219.1
Project("{FAE04EC0-301F-11D3-BF4B-00C04F79EFBC}") = "ListeArama", "ListeArama\ListeArama.csproj", "{0434F242-F9D7-4398-8266-6926EFD87828}"
EndProject
Global
	GlobalSection(SolutionConfigurationPlatforms) = preSolution
		Debug|Any CPU = Debug|Any CPU
		Release|Any CPU = Release|Any CPU
	EndGlobalSection
	GlobalSection(ProjectConfigurationPlatforms) = postSolution
		{0434F242-F9D7-4398-8266-6926EFD87828}.Debug|Any CPU.ActiveCfg = Debug|Any CPU
		{0434F242-F9D7-4398-8266-6926EFD87828}.Debug|Any CPU.Build.0 = Debug|Any CPU
		{0434F242-F9D7-4398-8266-6926EFD87828}.Release|Any CPU.ActiveCfg = Release|Any CPU
		{0434F242-F9D7-4398-8266-6926EFD87828}.Release|Any CPU.Build.0 = Release|Any CPU
	EndGlobalSection
	GlobalSection(SolutionProperties) = preSolution
		HideSolutionNode = FALSE
	EndGlobalSection
	GlobalSection(ExtensibilityGlobals) = postSolution
		SolutionGuid = {38362E3D-4AE1-4B20-89EE-BA7ECFA908AD}
	EndGlobalSection
EndGlobal
